// !$*UTF8*$!
{
	archiveVersion = 1;
	classes = {
	};
	objectVersion = 50;
	objects = {

/* Begin PBXBuildFile section */
		04DAA45722A72C910046CBEE /* AppDelegate.swift in Sources */ = {isa = PBXBuildFile; fileRef = 04DAA45622A72C910046CBEE /* AppDelegate.swift */; };
		04DAA45922A72C910046CBEE /* ViewController.swift in Sources */ = {isa = PBXBuildFile; fileRef = 04DAA45822A72C910046CBEE /* ViewController.swift */; };
		04DAA45C22A72C910046CBEE /* Main.storyboard in Resources */ = {isa = PBXBuildFile; fileRef = 04DAA45A22A72C910046CBEE /* Main.storyboard */; };
		04DAA45E22A72C920046CBEE /* Assets.xcassets in Resources */ = {isa = PBXBuildFile; fileRef = 04DAA45D22A72C920046CBEE /* Assets.xcassets */; };
		04DAA46122A72C920046CBEE /* LaunchScreen.storyboard in Resources */ = {isa = PBXBuildFile; fileRef = 04DAA45F22A72C920046CBEE /* LaunchScreen.storyboard */; };
		04DAA46C22A72C920046CBEE /* Random_ReadTests.swift in Sources */ = {isa = PBXBuildFile; fileRef = 04DAA46B22A72C920046CBEE /* Random_ReadTests.swift */; };
		04DAA47722A72C920046CBEE /* Random_ReadUITests.swift in Sources */ = {isa = PBXBuildFile; fileRef = 04DAA47622A72C920046CBEE /* Random_ReadUITests.swift */; };
/* End PBXBuildFile section */

/* Begin PBXContainerItemProxy section */
		04DAA46822A72C920046CBEE /* PBXContainerItemProxy */ = {
			isa = PBXContainerItemProxy;
			containerPortal = 04DAA44B22A72C910046CBEE /* Project object */;
			proxyType = 1;
			remoteGlobalIDString = 04DAA45222A72C910046CBEE;
			remoteInfo = "Random Read";
		};
		04DAA47322A72C920046CBEE /* PBXContainerItemProxy */ = {
			isa = PBXContainerItemProxy;
			containerPortal = 04DAA44B22A72C910046CBEE /* Project object */;
			proxyType = 1;
			remoteGlobalIDString = 04DAA45222A72C910046CBEE;
			remoteInfo = "Random Read";
		};
/* End PBXContainerItemProxy section */

/* Begin PBXFileReference section */
		04DAA45322A72C910046CBEE /* Random Read.app */ = {isa = PBXFileReference; explicitFileType = wrapper.application; includeInIndex = 0; path = "Random Read.app"; sourceTree = BUILT_PRODUCTS_DIR; };
		04DAA45622A72C910046CBEE /* AppDelegate.swift */ = {isa = PBXFileReference; lastKnownFileType = sourcecode.swift; path = AppDelegate.swift; sourceTree = "<group>"; };
		04DAA45822A72C910046CBEE /* ViewController.swift */ = {isa = PBXFileReference; lastKnownFileType = sourcecode.swift; path = ViewController.swift; sourceTree = "<group>"; };
		04DAA45B22A72C910046CBEE /* Base */ = {isa = PBXFileReference; lastKnownFileType = file.storyboard; name = Base; path = Base.lproj/Main.storyboard; sourceTree = "<group>"; };
		04DAA45D22A72C920046CBEE /* Assets.xcassets */ = {isa = PBXFileReference; lastKnownFileType = folder.assetcatalog; path = Assets.xcassets; sourceTree = "<group>"; };
		04DAA46022A72C920046CBEE /* Base */ = {isa = PBXFileReference; lastKnownFileType = file.storyboard; name = Base; path = Base.lproj/LaunchScreen.storyboard; sourceTree = "<group>"; };
		04DAA46222A72C920046CBEE /* Info.plist */ = {isa = PBXFileReference; lastKnownFileType = text.plist.xml; path = Info.plist; sourceTree = "<group>"; };
		04DAA46722A72C920046CBEE /* Random ReadTests.xctest */ = {isa = PBXFileReference; explicitFileType = wrapper.cfbundle; includeInIndex = 0; path = "Random ReadTests.xctest"; sourceTree = BUILT_PRODUCTS_DIR; };
		04DAA46B22A72C920046CBEE /* Random_ReadTests.swift */ = {isa = PBXFileReference; lastKnownFileType = sourcecode.swift; path = Random_ReadTests.swift; sourceTree = "<group>"; };
		04DAA46D22A72C920046CBEE /* Info.plist */ = {isa = PBXFileReference; lastKnownFileType = text.plist.xml; path = Info.plist; sourceTree = "<group>"; };
		04DAA47222A72C920046CBEE /* Random ReadUITests.xctest */ = {isa = PBXFileReference; explicitFileType = wrapper.cfbundle; includeInIndex = 0; path = "Random ReadUITests.xctest"; sourceTree = BUILT_PRODUCTS_DIR; };
		04DAA47622A72C920046CBEE /* Random_ReadUITests.swift */ = {isa = PBXFileReference; lastKnownFileType = sourcecode.swift; path = Random_ReadUITests.swift; sourceTree = "<group>"; };
		04DAA47822A72C920046CBEE /* Info.plist */ = {isa = PBXFileReference; lastKnownFileType = text.plist.xml; path = Info.plist; sourceTree = "<group>"; };
/* End PBXFileReference section */

/* Begin PBXFrameworksBuildPhase section */
		04DAA45022A72C910046CBEE /* Frameworks */ = {
			isa = PBXFrameworksBuildPhase;
			buildActionMask = 2147483647;
			files = (
			);
			runOnlyForDeploymentPostprocessing = 0;
		};
		04DAA46422A72C920046CBEE /* Frameworks */ = {
			isa = PBXFrameworksBuildPhase;
			buildActionMask = 2147483647;
			files = (
			);
			runOnlyForDeploymentPostprocessing = 0;
		};
		04DAA46F22A72C920046CBEE /* Frameworks */ = {
			isa = PBXFrameworksBuildPhase;
			buildActionMask = 2147483647;
			files = (
			);
			runOnlyForDeploymentPostprocessing = 0;
		};
/* End PBXFrameworksBuildPhase section */

/* Begin PBXGroup section */
		04DAA44A22A72C910046CBEE = {
			isa = PBXGroup;
			children = (
				04DAA45522A72C910046CBEE /* Random Read */,
				04DAA46A22A72C920046CBEE /* Random ReadTests */,
				04DAA47522A72C920046CBEE /* Random ReadUITests */,
				04DAA45422A72C910046CBEE /* Products */,
			);
			sourceTree = "<group>";
		};
		04DAA45422A72C910046CBEE /* Products */ = {
			isa = PBXGroup;
			children = (
				04DAA45322A72C910046CBEE /* Random Read.app */,
				04DAA46722A72C920046CBEE /* Random ReadTests.xctest */,
				04DAA47222A72C920046CBEE /* Random ReadUITests.xctest */,
			);
			name = Products;
			sourceTree = "<group>";
		};
		04DAA45522A72C910046CBEE /* Random Read */ = {
			isa = PBXGroup;
			children = (
				04DAA48622A72CCA0046CBEE /* Model */,
				04DAA48522A72CC50046CBEE /* View */,
				04DAA48422A72CBA0046CBEE /* Controller */,
				04DAA45D22A72C920046CBEE /* Assets.xcassets */,
				04DAA46222A72C920046CBEE /* Info.plist */,
			);
			path = "Random Read";
			sourceTree = "<group>";
		};
		04DAA46A22A72C920046CBEE /* Random ReadTests */ = {
			isa = PBXGroup;
			children = (
				04DAA46B22A72C920046CBEE /* Random_ReadTests.swift */,
				04DAA46D22A72C920046CBEE /* Info.plist */,
			);
			path = "Random ReadTests";
			sourceTree = "<group>";
		};
		04DAA47522A72C920046CBEE /* Random ReadUITests */ = {
			isa = PBXGroup;
			children = (
				04DAA47622A72C920046CBEE /* Random_ReadUITests.swift */,
				04DAA47822A72C920046CBEE /* Info.plist */,
			);
			path = "Random ReadUITests";
			sourceTree = "<group>";
		};
		04DAA48422A72CBA0046CBEE /* Controller */ = {
			isa = PBXGroup;
			children = (
				04DAA45822A72C910046CBEE /* ViewController.swift */,
				04DAA45622A72C910046CBEE /* AppDelegate.swift */,
			);
			path = Controller;
			sourceTree = "<group>";
		};
		04DAA48522A72CC50046CBEE /* View */ = {
			isa = PBXGroup;
			children = (
				04DAA45A22A72C910046CBEE /* Main.storyboard */,
				04DAA45F22A72C920046CBEE /* LaunchScreen.storyboard */,
			);
			path = View;
			sourceTree = "<group>";
		};
		04DAA48622A72CCA0046CBEE /* Model */ = {
			isa = PBXGroup;
			children = (
			);
			path = Model;
			sourceTree = "<group>";
		};
/* End PBXGroup section */

/* Begin PBXNativeTarget section */
		04DAA45222A72C910046CBEE /* Random Read */ = {
			isa = PBXNativeTarget;
			buildConfigurationList = 04DAA47B22A72C920046CBEE /* Build configuration list for PBXNativeTarget "Random Read" */;
			buildPhases = (
				04DAA44F22A72C910046CBEE /* Sources */,
				04DAA45022A72C910046CBEE /* Frameworks */,
				04DAA45122A72C910046CBEE /* Resources */,
			);
			buildRules = (
			);
			dependencies = (
			);
			name = "Random Read";
			productName = "Random Read";
			productReference = 04DAA45322A72C910046CBEE /* Random Read.app */;
			productType = "com.apple.product-type.application";
		};
		04DAA46622A72C920046CBEE /* Random ReadTests */ = {
			isa = PBXNativeTarget;
			buildConfigurationList = 04DAA47E22A72C920046CBEE /* Build configuration list for PBXNativeTarget "Random ReadTests" */;
			buildPhases = (
				04DAA46322A72C920046CBEE /* Sources */,
				04DAA46422A72C920046CBEE /* Frameworks */,
				04DAA46522A72C920046CBEE /* Resources */,
			);
			buildRules = (
			);
			dependencies = (
				04DAA46922A72C920046CBEE /* PBXTargetDependency */,
			);
			name = "Random ReadTests";
			productName = "Random ReadTests";
			productReference = 04DAA46722A72C920046CBEE /* Random ReadTests.xctest */;
			productType = "com.apple.product-type.bundle.unit-test";
		};
		04DAA47122A72C920046CBEE /* Random ReadUITests */ = {
			isa = PBXNativeTarget;
			buildConfigurationList = 04DAA48122A72C920046CBEE /* Build configuration list for PBXNativeTarget "Random ReadUITests" */;
			buildPhases = (
				04DAA46E22A72C920046CBEE /* Sources */,
				04DAA46F22A72C920046CBEE /* Frameworks */,
				04DAA47022A72C920046CBEE /* Resources */,
			);
			buildRules = (
			);
			dependencies = (
				04DAA47422A72C920046CBEE /* PBXTargetDependency */,
			);
			name = "Random ReadUITests";
			productName = "Random ReadUITests";
			productReference = 04DAA47222A72C920046CBEE /* Random ReadUITests.xctest */;
			productType = "com.apple.product-type.bundle.ui-testing";
		};
/* End PBXNativeTarget section */

/* Begin PBXProject section */
		04DAA44B22A72C910046CBEE /* Project object */ = {
			isa = PBXProject;
			attributes = {
				LastSwiftUpdateCheck = 1020;
				LastUpgradeCheck = 1020;
				ORGANIZATIONNAME = imane;
				TargetAttributes = {
					04DAA45222A72C910046CBEE = {
						CreatedOnToolsVersion = 10.2.1;
					};
					04DAA46622A72C920046CBEE = {
						CreatedOnToolsVersion = 10.2.1;
						TestTargetID = 04DAA45222A72C910046CBEE;
					};
					04DAA47122A72C920046CBEE = {
						CreatedOnToolsVersion = 10.2.1;
						TestTargetID = 04DAA45222A72C910046CBEE;
					};
				};
			};
			buildConfigurationList = 04DAA44E22A72C910046CBEE /* Build configuration list for PBXProject "Random Read" */;
			compatibilityVersion = "Xcode 9.3";
			developmentRegion = en;
			hasScannedForEncodings = 0;
			knownRegions = (
				en,
				Base,
			);
			mainGroup = 04DAA44A22A72C910046CBEE;
			productRefGroup = 04DAA45422A72C910046CBEE /* Products */;
			projectDirPath = "";
			projectRoot = "";
			targets = (
				04DAA45222A72C910046CBEE /* Random Read */,
				04DAA46622A72C920046CBEE /* Random ReadTests */,
				04DAA47122A72C920046CBEE /* Random ReadUITests */,
			);
		};
/* End PBXProject section */

/* Begin PBXResourcesBuildPhase section */
		04DAA45122A72C910046CBEE /* Resources */ = {
			isa = PBXResourcesBuildPhase;
			buildActionMask = 2147483647;
			files = (
				04DAA46122A72C920046CBEE /* LaunchScreen.storyboard in Resources */,
				04DAA45E22A72C920046CBEE /* Assets.xcassets in Resources */,
				04DAA45C22A72C910046CBEE /* Main.storyboard in Resources */,
			);
			runOnlyForDeploymentPostprocessing = 0;
		};
		04DAA46522A72C920046CBEE /* Resources */ = {
			isa = PBXResourcesBuildPhase;
			buildActionMask = 2147483647;
			files = (
			);
			runOnlyForDeploymentPostprocessing = 0;
		};
		04DAA47022A72C920046CBEE /* Resources */ = {
			isa = PBXResourcesBuildPhase;
			buildActionMask = 2147483647;
			files = (
			);
			runOnlyForDeploymentPostprocessing = 0;
		};
/* End PBXResourcesBuildPhase section */

/* Begin PBXSourcesBuildPhase section */
		04DAA44F22A72C910046CBEE /* Sources */ = {
			isa = PBXSourcesBuildPhase;
			buildActionMask = 2147483647;
			files = (
				04DAA45922A72C910046CBEE /* ViewController.swift in Sources */,
				04DAA45722A72C910046CBEE /* AppDelegate.swift in Sources */,
			);
			runOnlyForDeploymentPostprocessing = 0;
		};
		04DAA46322A72C920046CBEE /* Sources */ = {
			isa = PBXSourcesBuildPhase;
			buildActionMask = 2147483647;
			files = (
				04DAA46C22A72C920046CBEE /* Random_ReadTests.swift in Sources */,
			);
			runOnlyForDeploymentPostprocessing = 0;
		};
		04DAA46E22A72C920046CBEE /* Sources */ = {
			isa = PBXSourcesBuildPhase;
			buildActionMask = 2147483647;
			files = (
				04DAA47722A72C920046CBEE /* Random_ReadUITests.swift in Sources */,
			);
			runOnlyForDeploymentPostprocessing = 0;
		};
/* End PBXSourcesBuildPhase section */

/* Begin PBXTargetDependency section */
		04DAA46922A72C920046CBEE /* PBXTargetDependency */ = {
			isa = PBXTargetDependency;
			target = 04DAA45222A72C910046CBEE /* Random Read */;
			targetProxy = 04DAA46822A72C920046CBEE /* PBXContainerItemProxy */;
		};
		04DAA47422A72C920046CBEE /* PBXTargetDependency */ = {
			isa = PBXTargetDependency;
			target = 04DAA45222A72C910046CBEE /* Random Read */;
			targetProxy = 04DAA47322A72C920046CBEE /* PBXContainerItemProxy */;
		};
/* End PBXTargetDependency section */

/* Begin PBXVariantGroup section */
		04DAA45A22A72C910046CBEE /* Main.storyboard */ = {
			isa = PBXVariantGroup;
			children = (
				04DAA45B22A72C910046CBEE /* Base */,
			);
			name = Main.storyboard;
			sourceTree = "<group>";
		};
		04DAA45F22A72C920046CBEE /* LaunchScreen.storyboard */ = {
			isa = PBXVariantGroup;
			children = (
				04DAA46022A72C920046CBEE /* Base */,
			);
			name = LaunchScreen.storyboard;
			sourceTree = "<group>";
		};
/* End PBXVariantGroup section */

/* Begin XCBuildConfiguration section */
		04DAA47922A72C920046CBEE /* Debug */ = {
			isa = XCBuildConfiguration;
			buildSettings = {
				ALWAYS_SEARCH_USER_PATHS = NO;
				CLANG_ANALYZER_NONNULL = YES;
				CLANG_ANALYZER_NUMBER_OBJECT_CONVERSION = YES_AGGRESSIVE;
				CLANG_CXX_LANGUAGE_STANDARD = "gnu++14";
				CLANG_CXX_LIBRARY = "libc++";
				CLANG_ENABLE_MODULES = YES;
				CLANG_ENABLE_OBJC_ARC = YES;
				CLANG_ENABLE_OBJC_WEAK = YES;
				CLANG_WARN_BLOCK_CAPTURE_AUTORELEASING = YES;
				CLANG_WARN_BOOL_CONVERSION = YES;
				CLANG_WARN_COMMA = YES;
				CLANG_WARN_CONSTANT_CONVERSION = YES;
				CLANG_WARN_DEPRECATED_OBJC_IMPLEMENTATIONS = YES;
				CLANG_WARN_DIRECT_OBJC_ISA_USAGE = YES_ERROR;
				CLANG_WARN_DOCUMENTATION_COMMENTS = YES;
				CLANG_WARN_EMPTY_BODY = YES;
				CLANG_WARN_ENUM_CONVERSION = YES;
				CLANG_WARN_INFINITE_RECURSION = YES;
				CLANG_WARN_INT_CONVERSION = YES;
				CLANG_WARN_NON_LITERAL_NULL_CONVERSION = YES;
				CLANG_WARN_OBJC_IMPLICIT_RETAIN_SELF = YES;
				CLANG_WARN_OBJC_LITERAL_CONVERSION = YES;
				CLANG_WARN_OBJC_ROOT_CLASS = YES_ERROR;
				CLANG_WARN_RANGE_LOOP_ANALYSIS = YES;
				CLANG_WARN_STRICT_PROTOTYPES = YES;
				CLANG_WARN_SUSPICIOUS_MOVE = YES;
				CLANG_WARN_UNGUARDED_AVAILABILITY = YES_AGGRESSIVE;
				CLANG_WARN_UNREACHABLE_CODE = YES;
				CLANG_WARN__DUPLICATE_METHOD_MATCH = YES;
				CODE_SIGN_IDENTITY = "iPhone Developer";
				COPY_PHASE_STRIP = NO;
				DEBUG_INFORMATION_FORMAT = dwarf;
				ENABLE_STRICT_OBJC_MSGSEND = YES;
				ENABLE_TESTABILITY = YES;
				GCC_C_LANGUAGE_STANDARD = gnu11;
				GCC_DYNAMIC_NO_PIC = NO;
				GCC_NO_COMMON_BLOCKS = YES;
				GCC_OPTIMIZATION_LEVEL = 0;
				GCC_PREPROCESSOR_DEFINITIONS = (
					"DEBUG=1",
					"$(inherited)",
				);
				GCC_WARN_64_TO_32_BIT_CONVERSION = YES;
				GCC_WARN_ABOUT_RETURN_TYPE = YES_ERROR;
				GCC_WARN_UNDECLARED_SELECTOR = YES;
				GCC_WARN_UNINITIALIZED_AUTOS = YES_AGGRESSIVE;
				GCC_WARN_UNUSED_FUNCTION = YES;
				GCC_WARN_UNUSED_VARIABLE = YES;
				IPHONEOS_DEPLOYMENT_TARGET = 12.2;
				MTL_ENABLE_DEBUG_INFO = INCLUDE_SOURCE;
				MTL_FAST_MATH = YES;
				ONLY_ACTIVE_ARCH = YES;
				SDKROOT = iphoneos;
				SWIFT_ACTIVE_COMPILATION_CONDITIONS = DEBUG;
				SWIFT_OPTIMIZATION_LEVEL = "-Onone";
			};
			name = Debug;
		};
		04DAA47A22A72C920046CBEE /* Release */ = {
			isa = XCBuildConfiguration;
			buildSettings = {
				ALWAYS_SEARCH_USER_PATHS = NO;
				CLANG_ANALYZER_NONNULL = YES;
				CLANG_ANALYZER_NUMBER_OBJECT_CONVERSION = YES_AGGRESSIVE;
				CLANG_CXX_LANGUAGE_STANDARD = "gnu++14";
				CLANG_CXX_LIBRARY = "libc++";
				CLANG_ENABLE_MODULES = YES;
				CLANG_ENABLE_OBJC_ARC = YES;
				CLANG_ENABLE_OBJC_WEAK = YES;
				CLANG_WARN_BLOCK_CAPTURE_AUTORELEASING = YES;
				CLANG_WARN_BOOL_CONVERSION = YES;
				CLANG_WARN_COMMA = YES;
				CLANG_WARN_CONSTANT_CONVERSION = YES;
				CLANG_WARN_DEPRECATED_OBJC_IMPLEMENTATIONS = YES;
				CLANG_WARN_DIRECT_OBJC_ISA_USAGE = YES_ERROR;
				CLANG_WARN_DOCUMENTATION_COMMENTS = YES;
				CLANG_WARN_EMPTY_BODY = YES;
				CLANG_WARN_ENUM_CONVERSION = YES;
				CLANG_WARN_INFINITE_RECURSION = YES;
				CLANG_WARN_INT_CONVERSION = YES;
				CLANG_WARN_NON_LITERAL_NULL_CONVERSION = YES;
				CLANG_WARN_OBJC_IMPLICIT_RETAIN_SELF = YES;
				CLANG_WARN_OBJC_LITERAL_CONVERSION = YES;
				CLANG_WARN_OBJC_ROOT_CLASS = YES_ERROR;
				CLANG_WARN_RANGE_LOOP_ANALYSIS = YES;
				CLANG_WARN_STRICT_PROTOTYPES = YES;
				CLANG_WARN_SUSPICIOUS_MOVE = YES;
				CLANG_WARN_UNGUARDED_AVAILABILITY = YES_AGGRESSIVE;
				CLANG_WARN_UNREACHABLE_CODE = YES;
				CLANG_WARN__DUPLICATE_METHOD_MATCH = YES;
				CODE_SIGN_IDENTITY = "iPhone Developer";
				COPY_PHASE_STRIP = NO;
				DEBUG_INFORMATION_FORMAT = "dwarf-with-dsym";
				ENABLE_NS_ASSERTIONS = NO;
				ENABLE_STRICT_OBJC_MSGSEND = YES;
				GCC_C_LANGUAGE_STANDARD = gnu11;
				GCC_NO_COMMON_BLOCKS = YES;
				GCC_WARN_64_TO_32_BIT_CONVERSION = YES;
				GCC_WARN_ABOUT_RETURN_TYPE = YES_ERROR;
				GCC_WARN_UNDECLARED_SELECTOR = YES;
				GCC_WARN_UNINITIALIZED_AUTOS = YES_AGGRESSIVE;
				GCC_WARN_UNUSED_FUNCTION = YES;
				GCC_WARN_UNUSED_VARIABLE = YES;
				IPHONEOS_DEPLOYMENT_TARGET = 12.2;
				MTL_ENABLE_DEBUG_INFO = NO;
				MTL_FAST_MATH = YES;
				SDKROOT = iphoneos;
				SWIFT_COMPILATION_MODE = wholemodule;
				SWIFT_OPTIMIZATION_LEVEL = "-O";
				VALIDATE_PRODUCT = YES;
			};
			name = Release;
		};
		04DAA47C22A72C920046CBEE /* Debug */ = {
			isa = XCBuildConfiguration;
			buildSettings = {
				ASSETCATALOG_COMPILER_APPICON_NAME = AppIcon;
				CODE_SIGN_STYLE = Automatic;
				INFOPLIST_FILE = "Random Read/Info.plist";
				LD_RUNPATH_SEARCH_PATHS = (
					"$(inherited)",
					"@executable_path/Frameworks",
				);
				PRODUCT_BUNDLE_IDENTIFIER = "imane.Random-Read";
				PRODUCT_NAME = "$(TARGET_NAME)";
				SWIFT_VERSION = 5.0;
				TARGETED_DEVICE_FAMILY = "1,2";
			};
			name = Debug;
		};
		04DAA47D22A72C920046CBEE /* Release */ = {
			isa = XCBuildConfiguration;
			buildSettings = {
				ASSETCATALOG_COMPILER_APPICON_NAME = AppIcon;
				CODE_SIGN_STYLE = Automatic;
				INFOPLIST_FILE = "Random Read/Info.plist";
				LD_RUNPATH_SEARCH_PATHS = (
					"$(inherited)",
					"@executable_path/Frameworks",
				);
				PRODUCT_BUNDLE_IDENTIFIER = "imane.Random-Read";
				PRODUCT_NAME = "$(TARGET_NAME)";
				SWIFT_VERSION = 5.0;
				TARGETED_DEVICE_FAMILY = "1,2";
			};
			name = Release;
		};
		04DAA47F22A72C920046CBEE /* Debug */ = {
			isa = XCBuildConfiguration;
			buildSettings = {
				ALWAYS_EMBED_SWIFT_STANDARD_LIBRARIES = YES;
				BUNDLE_LOADER = "$(TEST_HOST)";
				CODE_SIGN_STYLE = Automatic;
				INFOPLIST_FILE = "Random ReadTests/Info.plist";
				LD_RUNPATH_SEARCH_PATHS = (
					"$(inherited)",
					"@executable_path/Frameworks",
					"@loader_path/Frameworks",
				);
				PRODUCT_BUNDLE_IDENTIFIER = "imane.Random-ReadTests";
				PRODUCT_NAME = "$(TARGET_NAME)";
				SWIFT_VERSION = 5.0;
				TARGETED_DEVICE_FAMILY = "1,2";
				TEST_HOST = "$(BUILT_PRODUCTS_DIR)/Random Read.app/Random Read";
			};
			name = Debug;
		};
		04DAA48022A72C920046CBEE /* Release */ = {
			isa = XCBuildConfiguration;
			buildSettings = {
				ALWAYS_EMBED_SWIFT_STANDARD_LIBRARIES = YES;
				BUNDLE_LOADER = "$(TEST_HOST)";
				CODE_SIGN_STYLE = Automatic;
				INFOPLIST_FILE = "Random ReadTests/Info.plist";
				LD_RUNPATH_SEARCH_PATHS = (
					"$(inherited)",
					"@executable_path/Frameworks",
					"@loader_path/Frameworks",
				);
				PRODUCT_BUNDLE_IDENTIFIER = "imane.Random-ReadTests";
				PRODUCT_NAME = "$(TARGET_NAME)";
				SWIFT_VERSION = 5.0;
				TARGETED_DEVICE_FAMILY = "1,2";
				TEST_HOST = "$(BUILT_PRODUCTS_DIR)/Random Read.app/Random Read";
			};
			name = Release;
		};
		04DAA48222A72C920046CBEE /* Debug */ = {
			isa = XCBuildConfiguration;
			buildSettings = {
				ALWAYS_EMBED_SWIFT_STANDARD_LIBRARIES = YES;
				CODE_SIGN_STYLE = Automatic;
				INFOPLIST_FILE = "Random ReadUITests/Info.plist";
				LD_RUNPATH_SEARCH_PATHS = (
					"$(inherited)",
					"@executable_path/Frameworks",
					"@loader_path/Frameworks",
				);
				PRODUCT_BUNDLE_IDENTIFIER = "imane.Random-ReadUITests";
				PRODUCT_NAME = "$(TARGET_NAME)";
				SWIFT_VERSION = 5.0;
				TARGETED_DEVICE_FAMILY = "1,2";
				TEST_TARGET_NAME = "Random Read";
			};
			name = Debug;
		};
		04DAA48322A72C920046CBEE /* Release */ = {
			isa = XCBuildConfiguration;
			buildSettings = {
				ALWAYS_EMBED_SWIFT_STANDARD_LIBRARIES = YES;
				CODE_SIGN_STYLE = Automatic;
				INFOPLIST_FILE = "Random ReadUITests/Info.plist";
				LD_RUNPATH_SEARCH_PATHS = (
					"$(inherited)",
					"@executable_path/Frameworks",
					"@loader_path/Frameworks",
				);
				PRODUCT_BUNDLE_IDENTIFIER = "imane.Random-ReadUITests";
				PRODUCT_NAME = "$(TARGET_NAME)";
				SWIFT_VERSION = 5.0;
				TARGETED_DEVICE_FAMILY = "1,2";
				TEST_TARGET_NAME = "Random Read";
			};
			name = Release;
		};
/* End XCBuildConfiguration section */

/* Begin XCConfigurationList section */
		04DAA44E22A72C910046CBEE /* Build configuration list for PBXProject "Random Read" */ = {
			isa = XCConfigurationList;
			buildConfigurations = (
				04DAA47922A72C920046CBEE /* Debug */,
				04DAA47A22A72C920046CBEE /* Release */,
			);
			defaultConfigurationIsVisible = 0;
			defaultConfigurationName = Release;
		};
		04DAA47B22A72C920046CBEE /* Build configuration list for PBXNativeTarget "Random Read" */ = {
			isa = XCConfigurationList;
			buildConfigurations = (
				04DAA47C22A72C920046CBEE /* Debug */,
				04DAA47D22A72C920046CBEE /* Release */,
			);
			defaultConfigurationIsVisible = 0;
			defaultConfigurationName = Release;
		};
		04DAA47E22A72C920046CBEE /* Build configuration list for PBXNativeTarget "Random ReadTests" */ = {
			isa = XCConfigurationList;
			buildConfigurations = (
				04DAA47F22A72C920046CBEE /* Debug */,
				04DAA48022A72C920046CBEE /* Release */,
			);
			defaultConfigurationIsVisible = 0;
			defaultConfigurationName = Release;
		};
		04DAA48122A72C920046CBEE /* Build configuration list for PBXNativeTarget "Random ReadUITests" */ = {
			isa = XCConfigurationList;
			buildConfigurations = (
				04DAA48222A72C920046CBEE /* Debug */,
				04DAA48322A72C920046CBEE /* Release */,
			);
			defaultConfigurationIsVisible = 0;
			defaultConfigurationName = Release;
		};
/* End XCConfigurationList section */
	};
	rootObject = 04DAA44B22A72C910046CBEE /* Project object */;
}
